# This file is automatically @generated by Poetry 1.6.0 and should not be changed by hand.

[[package]]
name = "pyfiglet"
version = "1.0.2"
description = "Pure-python FIGlet implementation"
optional = false
python-versions = ">=3.9"
files = [
    {file = "pyfiglet-1.0.2-py3-none-any.whl", hash = "sha256:889b351d79c99e50a3f619c8f8e6ffdb27fd8c939fc43ecbd7559bd57d5f93ea"},
    {file = "pyfiglet-1.0.2.tar.gz", hash = "sha256:758788018ab8faaddc0984e1ea05ff330d3c64be663c513cc1f105f6a3066dab"},
]

[metadata]
lock-version = "2.0"
python-versions = "^3.11"
content-hash = "eef78098cfd1ee5ca7a257cf8d3e7a4df5d0d97eb616b999a27ecaf725159a60"
